
Microsoft Visual Studio Solution File, Format Version 12.00
# Visual Studio 15
VisualStudioVersion = 15.0.27004.2009
MinimumVisualStudioVersion = 10.0.40219.1
Project("{FAE04EC0-301F-11D3-BF4B-00C04F79EFBC}") = "Darkness.Android", "Darkness.Android\Darkness.Android.csproj", "{A0872B35-F702-49BD-A3F7-C0D35EC96556}"
EndProject
Project("{9A19103F-16F7-4668-BE54-9A1E7A4F7556}") = "Darkness.WebAPI", "Darkness.WebAPI\Darkness.WebAPI.csproj", "{2172D846-FDB1-4478-AE7C-482EB83CED28}"
EndProject
Global
	GlobalSection(SolutionConfigurationPlatforms) = preSolution
		Debug|Any CPU = Debug|Any CPU
		Release|Any CPU = Release|Any CPU
	EndGlobalSection
	GlobalSection(ProjectConfigurationPlatforms) = postSolution
		{A0872B35-F702-49BD-A3F7-C0D35EC96556}.Debug|Any CPU.ActiveCfg = Debug|Any CPU
		{A0872B35-F702-49BD-A3F7-C0D35EC96556}.Debug|Any CPU.Build.0 = Debug|Any CPU
		{A0872B35-F702-49BD-A3F7-C0D35EC96556}.Debug|Any CPU.Deploy.0 = Debug|Any CPU
		{A0872B35-F702-49BD-A3F7-C0D35EC96556}.Release|Any CPU.ActiveCfg = Release|Any CPU
		{A0872B35-F702-49BD-A3F7-C0D35EC96556}.Release|Any CPU.Build.0 = Release|Any CPU
		{A0872B35-F702-49BD-A3F7-C0D35EC96556}.Release|Any CPU.Deploy.0 = Release|Any CPU
		{2172D846-FDB1-4478-AE7C-482EB83CED28}.Debug|Any CPU.ActiveCfg = Debug|Any CPU
		{2172D846-FDB1-4478-AE7C-482EB83CED28}.Debug|Any CPU.Build.0 = Debug|Any CPU
		{2172D846-FDB1-4478-AE7C-482EB83CED28}.Release|Any CPU.ActiveCfg = Release|Any CPU
		{2172D846-FDB1-4478-AE7C-482EB83CED28}.Release|Any CPU.Build.0 = Release|Any CPU
	EndGlobalSection
	GlobalSection(SolutionProperties) = preSolution
		HideSolutionNode = FALSE
	EndGlobalSection
	GlobalSection(ExtensibilityGlobals) = postSolution
		SolutionGuid = {BB5E94E3-B269-457F-A755-889171FB823F}
	EndGlobalSection
EndGlobal
